
Microsoft Visual Studio Solution File, Format Version 12.00
# Visual Studio 15
Project("{FAE04EC0-301F-11D3-BF4B-00C04F79EFBC}") = "Assembly-CSharp", "Assembly-CSharp.csproj", "{6FCC676C-DF11-7AE7-88E2-BA346A3EEDD6}"
EndProject
Project("{FAE04EC0-301F-11D3-BF4B-00C04F79EFBC}") = "Assembly-CSharp-Editor", "Assembly-CSharp-Editor.csproj", "{8D19091A-33AE-D3FA-3BB1-0FE3F179F04B}"
EndProject
Global
	GlobalSection(SolutionConfigurationPlatforms) = preSolution
		Debug|Any CPU = Debug|Any CPU
		Release|Any CPU = Release|Any CPU
	EndGlobalSection
	GlobalSection(ProjectConfigurationPlatforms) = postSolution
		{6FCC676C-DF11-7AE7-88E2-BA346A3EEDD6}.Debug|Any CPU.ActiveCfg = Debug|Any CPU
		{6FCC676C-DF11-7AE7-88E2-BA346A3EEDD6}.Debug|Any CPU.Build.0 = Debug|Any CPU
		{6FCC676C-DF11-7AE7-88E2-BA346A3EEDD6}.Release|Any CPU.ActiveCfg = Release|Any CPU
		{6FCC676C-DF11-7AE7-88E2-BA346A3EEDD6}.Release|Any CPU.Build.0 = Release|Any CPU
		{8D19091A-33AE-D3FA-3BB1-0FE3F179F04B}.Debug|Any CPU.ActiveCfg = Debug|Any CPU
		{8D19091A-33AE-D3FA-3BB1-0FE3F179F04B}.Debug|Any CPU.Build.0 = Debug|Any CPU
		{8D19091A-33AE-D3FA-3BB1-0FE3F179F04B}.Release|Any CPU.ActiveCfg = Release|Any CPU
		{8D19091A-33AE-D3FA-3BB1-0FE3F179F04B}.Release|Any CPU.Build.0 = Release|Any CPU
	EndGlobalSection
	GlobalSection(SolutionProperties) = preSolution
		HideSolutionNode = FALSE
	EndGlobalSection
EndGlobal
